// !$*UTF8*$!
{
	archiveVersion = 1;
	classes = {
	};
	objectVersion = 46;
	objects = {

/* Begin PBXBuildFile section */
		91310684198DC9D8006B7364 /* SpeakListViewController.m in Sources */ = {isa = PBXBuildFile; fileRef = 91310682198DC9D8006B7364 /* SpeakListViewController.m */; };
		91310685198DC9D8006B7364 /* SpeakListViewController.xib in Resources */ = {isa = PBXBuildFile; fileRef = 91310683198DC9D8006B7364 /* SpeakListViewController.xib */; };
		915AC41C19A7999800B6DE8C /* VLSingleton.m in Sources */ = {isa = PBXBuildFile; fileRef = 915AC41B19A7999800B6DE8C /* VLSingleton.m */; };
		915AC41F19A8B84E00B6DE8C /* DailyWordsInfo.m in Sources */ = {isa = PBXBuildFile; fileRef = 915AC41E19A8B84E00B6DE8C /* DailyWordsInfo.m */; };
		915AC42219A8BB3300B6DE8C /* DailyWordsParser.m in Sources */ = {isa = PBXBuildFile; fileRef = 915AC42119A8BB3300B6DE8C /* DailyWordsParser.m */; };
		91608978197BAEDA0036C807 /* AFHTTPRequestOperation.m in Sources */ = {isa = PBXBuildFile; fileRef = 91608954197BAEDA0036C807 /* AFHTTPRequestOperation.m */; };
		91608979197BAEDA0036C807 /* AFHTTPRequestOperationManager.m in Sources */ = {isa = PBXBuildFile; fileRef = 91608956197BAEDA0036C807 /* AFHTTPRequestOperationManager.m */; };
		9160897A197BAEDA0036C807 /* AFHTTPSessionManager.m in Sources */ = {isa = PBXBuildFile; fileRef = 91608958197BAEDA0036C807 /* AFHTTPSessionManager.m */; };
		9160897B197BAEDA0036C807 /* AFNetworkReachabilityManager.m in Sources */ = {isa = PBXBuildFile; fileRef = 9160895B197BAEDA0036C807 /* AFNetworkReachabilityManager.m */; };
		9160897C197BAEDA0036C807 /* AFSecurityPolicy.m in Sources */ = {isa = PBXBuildFile; fileRef = 9160895D197BAEDA0036C807 /* AFSecurityPolicy.m */; };
		9160897D197BAEDA0036C807 /* AFURLConnectionOperation.m in Sources */ = {isa = PBXBuildFile; fileRef = 9160895F197BAEDA0036C807 /* AFURLConnectionOperation.m */; };
		9160897E197BAEDA0036C807 /* AFURLRequestSerialization.m in Sources */ = {isa = PBXBuildFile; fileRef = 91608961197BAEDA0036C807 /* AFURLRequestSerialization.m */; };
		9160897F197BAEDA0036C807 /* AFURLResponseSerialization.m in Sources */ = {isa = PBXBuildFile; fileRef = 91608963197BAEDA0036C807 /* AFURLResponseSerialization.m */; };
		91608980197BAEDA0036C807 /* AFURLSessionManager.m in Sources */ = {isa = PBXBuildFile; fileRef = 91608965197BAEDA0036C807 /* AFURLSessionManager.m */; };
		91608981197BAEDA0036C807 /* AFNetworkActivityIndicatorManager.m in Sources */ = {isa = PBXBuildFile; fileRef = 91608968197BAEDA0036C807 /* AFNetworkActivityIndicatorManager.m */; };
		91608982197BAEDA0036C807 /* UIActivityIndicatorView+AFNetworking.m in Sources */ = {isa = PBXBuildFile; fileRef = 9160896A197BAEDA0036C807 /* UIActivityIndicatorView+AFNetworking.m */; };
		91608983197BAEDA0036C807 /* UIAlertView+AFNetworking.m in Sources */ = {isa = PBXBuildFile; fileRef = 9160896C197BAEDA0036C807 /* UIAlertView+AFNetworking.m */; };
		91608984197BAEDA0036C807 /* UIButton+AFNetworking.m in Sources */ = {isa = PBXBuildFile; fileRef = 9160896E197BAEDA0036C807 /* UIButton+AFNetworking.m */; };
		91608985197BAEDA0036C807 /* UIImageView+AFNetworking.m in Sources */ = {isa = PBXBuildFile; fileRef = 91608970197BAEDA0036C807 /* UIImageView+AFNetworking.m */; };
		91608986197BAEDA0036C807 /* UIProgressView+AFNetworking.m in Sources */ = {isa = PBXBuildFile; fileRef = 91608973197BAEDA0036C807 /* UIProgressView+AFNetworking.m */; };
		91608987197BAEDA0036C807 /* UIRefreshControl+AFNetworking.m in Sources */ = {isa = PBXBuildFile; fileRef = 91608975197BAEDA0036C807 /* UIRefreshControl+AFNetworking.m */; };
		91608988197BAEDA0036C807 /* UIWebView+AFNetworking.m in Sources */ = {isa = PBXBuildFile; fileRef = 91608977197BAEDA0036C807 /* UIWebView+AFNetworking.m */; };
		9160898D197BB81F0036C807 /* XMLDictionary.m in Sources */ = {isa = PBXBuildFile; fileRef = 9160898C197BB81F0036C807 /* XMLDictionary.m */; };
		91608991197BB87A0036C807 /* XMLParser.m in Sources */ = {isa = PBXBuildFile; fileRef = 91608990197BB87A0036C807 /* XMLParser.m */; };
		91608994197BBA7F0036C807 /* LoginXMLParser.m in Sources */ = {isa = PBXBuildFile; fileRef = 91608993197BBA7F0036C807 /* LoginXMLParser.m */; };
		91608998197BCF130036C807 /* ExtensiveInfo.m in Sources */ = {isa = PBXBuildFile; fileRef = 91608997197BCF130036C807 /* ExtensiveInfo.m */; };
		9160899B197BCFE30036C807 /* IntensiveInfo.m in Sources */ = {isa = PBXBuildFile; fileRef = 9160899A197BCFE30036C807 /* IntensiveInfo.m */; };
		9160899E197BD0280036C807 /* OrgInfo.m in Sources */ = {isa = PBXBuildFile; fileRef = 9160899D197BD0280036C807 /* OrgInfo.m */; };
		916089A1197BD06C0036C807 /* RecommendInfo.m in Sources */ = {isa = PBXBuildFile; fileRef = 916089A0197BD06C0036C807 /* RecommendInfo.m */; };
		917BF93219975D2F00A359EB /* VoicePkgInfoObject.m in Sources */ = {isa = PBXBuildFile; fileRef = 917BF93119975D2F00A359EB /* VoicePkgInfoObject.m */; settings = {COMPILER_FLAGS = "-fno-objc-arc"; }; };
		917BF93619975DA000A359EB /* StoreVoiceDataListParser.m in Sources */ = {isa = PBXBuildFile; fileRef = 917BF93519975DA000A359EB /* StoreVoiceDataListParser.m */; settings = {COMPILER_FLAGS = "-fno-objc-arc"; }; };
		917BF93A199766BE00A359EB /* DataSource.m in Sources */ = {isa = PBXBuildFile; fileRef = 917BF939199766BE00A359EB /* DataSource.m */; };
		917BF93D19979E1400A359EB /* DatabaseOperation.m in Sources */ = {isa = PBXBuildFile; fileRef = 917BF93C19979E1400A359EB /* DatabaseOperation.m */; };
		917BF93F1997A27800A359EB /* libsqlite3.0.dylib in Frameworks */ = {isa = PBXBuildFile; fileRef = 917BF93E1997A27800A359EB /* libsqlite3.0.dylib */; };
		917BF9451997A99000A359EB /* NSDataAdditions.m in Sources */ = {isa = PBXBuildFile; fileRef = 917BF9421997A99000A359EB /* NSDataAdditions.m */; settings = {COMPILER_FLAGS = "-fno-objc-arc"; }; };
		917BF9461997A99000A359EB /* TBXML.m in Sources */ = {isa = PBXBuildFile; fileRef = 917BF9441997A99000A359EB /* TBXML.m */; settings = {COMPILER_FLAGS = "-fno-objc-arc"; }; };
		917BF9541997AD9500A359EB /* libisayioDecode.a in Frameworks */ = {isa = PBXBuildFile; fileRef = 917BF9491997AD9500A359EB /* libisayioDecode.a */; };
		917BF9551997AD9500A359EB /* AQPlayer.mm in Sources */ = {isa = PBXBuildFile; fileRef = 917BF94C1997AD9500A359EB /* AQPlayer.mm */; settings = {COMPILER_FLAGS = "-fno-objc-arc"; }; };
		917BF9561997AD9500A359EB /* AQRecorder.mm in Sources */ = {isa = PBXBuildFile; fileRef = 917BF94E1997AD9500A359EB /* AQRecorder.mm */; settings = {COMPILER_FLAGS = "-fno-objc-arc"; }; };
		917BF9571997AD9500A359EB /* libisayscore.a in Frameworks */ = {isa = PBXBuildFile; fileRef = 917BF9511997AD9500A359EB /* libisayscore.a */; };
		917BF9581997AD9500A359EB /* WaveFile.cpp in Sources */ = {isa = PBXBuildFile; fileRef = 917BF9521997AD9500A359EB /* WaveFile.cpp */; };
		917BF9611997B50A00A359EB /* CADebugMacros.cpp in Sources */ = {isa = PBXBuildFile; fileRef = 917BF95A1997B50A00A359EB /* CADebugMacros.cpp */; };
		917BF9621997B50A00A359EB /* CAStreamBasicDescription.cpp in Sources */ = {isa = PBXBuildFile; fileRef = 917BF95D1997B50A00A359EB /* CAStreamBasicDescription.cpp */; };
		917BF9631997B50A00A359EB /* CAXException.cpp in Sources */ = {isa = PBXBuildFile; fileRef = 917BF95F1997B50A00A359EB /* CAXException.cpp */; };
		917BF9651997C41300A359EB /* AudioToolbox.framework in Frameworks */ = {isa = PBXBuildFile; fileRef = 917BF9641997C41300A359EB /* AudioToolbox.framework */; };
		917BF9671997C41D00A359EB /* AVFoundation.framework in Frameworks */ = {isa = PBXBuildFile; fileRef = 917BF9661997C41D00A359EB /* AVFoundation.framework */; };
		917BF9691997C42D00A359EB /* SystemConfiguration.framework in Frameworks */ = {isa = PBXBuildFile; fileRef = 917BF9681997C42D00A359EB /* SystemConfiguration.framework */; };
		917BF96B1997C43600A359EB /* CoreText.framework in Frameworks */ = {isa = PBXBuildFile; fileRef = 917BF96A1997C43600A359EB /* CoreText.framework */; };
		917BF96D1997C44400A359EB /* QuartzCore.framework in Frameworks */ = {isa = PBXBuildFile; fileRef = 917BF96C1997C44400A359EB /* QuartzCore.framework */; };
		91CD5D651975844C001E2814 /* Foundation.framework in Frameworks */ = {isa = PBXBuildFile; fileRef = 91CD5D641975844C001E2814 /* Foundation.framework */; };
		91CD5D671975844C001E2814 /* CoreGraphics.framework in Frameworks */ = {isa = PBXBuildFile; fileRef = 91CD5D661975844C001E2814 /* CoreGraphics.framework */; };
		91CD5D691975844C001E2814 /* UIKit.framework in Frameworks */ = {isa = PBXBuildFile; fileRef = 91CD5D681975844C001E2814 /* UIKit.framework */; };
		91CD5D6F1975844C001E2814 /* InfoPlist.strings in Resources */ = {isa = PBXBuildFile; fileRef = 91CD5D6D1975844C001E2814 /* InfoPlist.strings */; };
		91CD5D711975844C001E2814 /* main.m in Sources */ = {isa = PBXBuildFile; fileRef = 91CD5D701975844C001E2814 /* main.m */; };
		91CD5D751975844C001E2814 /* AppDelegate.m in Sources */ = {isa = PBXBuildFile; fileRef = 91CD5D741975844C001E2814 /* AppDelegate.m */; };
		91CD5D771975844C001E2814 /* Images.xcassets in Resources */ = {isa = PBXBuildFile; fileRef = 91CD5D761975844C001E2814 /* Images.xcassets */; };
		91CD5D7E1975844C001E2814 /* XCTest.framework in Frameworks */ = {isa = PBXBuildFile; fileRef = 91CD5D7D1975844C001E2814 /* XCTest.framework */; };
		91CD5D7F1975844C001E2814 /* Foundation.framework in Frameworks */ = {isa = PBXBuildFile; fileRef = 91CD5D641975844C001E2814 /* Foundation.framework */; };
		91CD5D801975844C001E2814 /* UIKit.framework in Frameworks */ = {isa = PBXBuildFile; fileRef = 91CD5D681975844C001E2814 /* UIKit.framework */; };
		91CD5D881975844C001E2814 /* InfoPlist.strings in Resources */ = {isa = PBXBuildFile; fileRef = 91CD5D861975844C001E2814 /* InfoPlist.strings */; };
		91CD5D8A1975844C001E2814 /* VerbalLearningTests.m in Sources */ = {isa = PBXBuildFile; fileRef = 91CD5D891975844C001E2814 /* VerbalLearningTests.m */; };
		91CD5D991975865D001E2814 /* Database in Resources */ = {isa = PBXBuildFile; fileRef = 91CD5D981975865D001E2814 /* Database */; };
		91CD5DA51975874C001E2814 /* LoginViewController.m in Sources */ = {isa = PBXBuildFile; fileRef = 91CD5DA31975874C001E2814 /* LoginViewController.m */; };
		91CD5DA61975874C001E2814 /* LoginViewController.xib in Resources */ = {isa = PBXBuildFile; fileRef = 91CD5DA41975874C001E2814 /* LoginViewController.xib */; };
		91D0F0991983AD9100547645 /* RootNavigationController.m in Sources */ = {isa = PBXBuildFile; fileRef = 91D0F0981983AD9100547645 /* RootNavigationController.m */; };
		91E1B9EA19AB835B00DF1A2C /* AHKActionSheet.m in Sources */ = {isa = PBXBuildFile; fileRef = 91E1B9E319AB835B00DF1A2C /* AHKActionSheet.m */; };
		91E1B9EB19AB835B00DF1A2C /* AHKActionSheetViewController.m in Sources */ = {isa = PBXBuildFile; fileRef = 91E1B9E519AB835B00DF1A2C /* AHKActionSheetViewController.m */; };
		91E1B9EC19AB835B00DF1A2C /* UIImage+AHKAdditions.m in Sources */ = {isa = PBXBuildFile; fileRef = 91E1B9E719AB835B00DF1A2C /* UIImage+AHKAdditions.m */; };
		91E1B9ED19AB835B00DF1A2C /* UIWindow+AHKAdditions.m in Sources */ = {isa = PBXBuildFile; fileRef = 91E1B9E919AB835B00DF1A2C /* UIWindow+AHKAdditions.m */; };
		91E7F2A719839049006C6CF3 /* MMDrawerBarButtonItem.m in Sources */ = {isa = PBXBuildFile; fileRef = 91E7F29F19839049006C6CF3 /* MMDrawerBarButtonItem.m */; };
		91E7F2A819839049006C6CF3 /* MMDrawerController.m in Sources */ = {isa = PBXBuildFile; fileRef = 91E7F2A219839049006C6CF3 /* MMDrawerController.m */; };
		91E7F2A919839049006C6CF3 /* MMDrawerVisualState.m in Sources */ = {isa = PBXBuildFile; fileRef = 91E7F2A419839049006C6CF3 /* MMDrawerVisualState.m */; };
		91E7F2AA19839049006C6CF3 /* UIViewController+MMDrawerController.m in Sources */ = {isa = PBXBuildFile; fileRef = 91E7F2A619839049006C6CF3 /* UIViewController+MMDrawerController.m */; };
		91E7F2AD198390AD006C6CF3 /* HomeDrawerViewController.m in Sources */ = {isa = PBXBuildFile; fileRef = 91E7F2AC198390AD006C6CF3 /* HomeDrawerViewController.m */; };
		91E7F2B619839169006C6CF3 /* CenterDrawerViewController.m in Sources */ = {isa = PBXBuildFile; fileRef = 91E7F2B419839169006C6CF3 /* CenterDrawerViewController.m */; };
		91E7F2B719839169006C6CF3 /* CenterDrawerViewController.xib in Resources */ = {isa = PBXBuildFile; fileRef = 91E7F2B519839169006C6CF3 /* CenterDrawerViewController.xib */; };
		91E7F2BB19839181006C6CF3 /* LeftSideDrawerViewController.m in Sources */ = {isa = PBXBuildFile; fileRef = 91E7F2B919839181006C6CF3 /* LeftSideDrawerViewController.m */; };
		91E7F2BC19839181006C6CF3 /* LeftSideDrawerViewController.xib in Resources */ = {isa = PBXBuildFile; fileRef = 91E7F2BA19839181006C6CF3 /* LeftSideDrawerViewController.xib */; };
/* End PBXBuildFile section */

/* Begin PBXContainerItemProxy section */
		91CD5D811975844C001E2814 /* PBXContainerItemProxy */ = {
			isa = PBXContainerItemProxy;
			containerPortal = 91CD5D591975844C001E2814 /* Project object */;
			proxyType = 1;
			remoteGlobalIDString = 91CD5D601975844C001E2814;
			remoteInfo = VerbalLearning;
		};
/* End PBXContainerItemProxy section */

/* Begin PBXFileReference section */
		91310681198DC9D8006B7364 /* SpeakListViewController.h */ = {isa = PBXFileReference; fileEncoding = 4; lastKnownFileType = sourcecode.c.h; path = SpeakListViewController.h; sourceTree = "<group>"; };
		91310682198DC9D8006B7364 /* SpeakListViewController.m */ = {isa = PBXFileReference; fileEncoding = 4; lastKnownFileType = sourcecode.c.objc; path = SpeakListViewController.m; sourceTree = "<group>"; };
		91310683198DC9D8006B7364 /* SpeakListViewController.xib */ = {isa = PBXFileReference; fileEncoding = 4; lastKnownFileType = file.xib; name = SpeakListViewController.xib; path = ../Controllers/SpeakListViewController.xib; sourceTree = "<group>"; };
		915AC41A19A7999800B6DE8C /* VLSingleton.h */ = {isa = PBXFileReference; fileEncoding = 4; lastKnownFileType = sourcecode.c.h; name = VLSingleton.h; path = VerbalLearning/VLSingleton.h; sourceTree = SOURCE_ROOT; };
		915AC41B19A7999800B6DE8C /* VLSingleton.m */ = {isa = PBXFileReference; fileEncoding = 4; lastKnownFileType = sourcecode.c.objc; name = VLSingleton.m; path = VerbalLearning/VLSingleton.m; sourceTree = SOURCE_ROOT; };
		915AC41D19A8B84E00B6DE8C /* DailyWordsInfo.h */ = {isa = PBXFileReference; fileEncoding = 4; lastKnownFileType = sourcecode.c.h; path = DailyWordsInfo.h; sourceTree = "<group>"; };
		915AC41E19A8B84E00B6DE8C /* DailyWordsInfo.m */ = {isa = PBXFileReference; fileEncoding = 4; lastKnownFileType = sourcecode.c.objc; path = DailyWordsInfo.m; sourceTree = "<group>"; };
		915AC42019A8BB3300B6DE8C /* DailyWordsParser.h */ = {isa = PBXFileReference; fileEncoding = 4; lastKnownFileType = sourcecode.c.h; path = DailyWordsParser.h; sourceTree = "<group>"; };
		915AC42119A8BB3300B6DE8C /* DailyWordsParser.m */ = {isa = PBXFileReference; fileEncoding = 4; lastKnownFileType = sourcecode.c.objc; path = DailyWordsParser.m; sourceTree = "<group>"; };
		91608953197BAEDA0036C807 /* AFHTTPRequestOperation.h */ = {isa = PBXFileReference; fileEncoding = 4; lastKnownFileType = sourcecode.c.h; path = AFHTTPRequestOperation.h; sourceTree = "<group>"; };
		91608954197BAEDA0036C807 /* AFHTTPRequestOperation.m */ = {isa = PBXFileReference; fileEncoding = 4; lastKnownFileType = sourcecode.c.objc; path = AFHTTPRequestOperation.m; sourceTree = "<group>"; };
		91608955197BAEDA0036C807 /* AFHTTPRequestOperationManager.h */ = {isa = PBXFileReference; fileEncoding = 4; lastKnownFileType = sourcecode.c.h; path = AFHTTPRequestOperationManager.h; sourceTree = "<group>"; };
		91608956197BAEDA0036C807 /* AFHTTPRequestOperationManager.m */ = {isa = PBXFileReference; fileEncoding = 4; lastKnownFileType = sourcecode.c.objc; path = AFHTTPRequestOperationManager.m; sourceTree = "<group>"; };
		91608957197BAEDA0036C807 /* AFHTTPSessionManager.h */ = {isa = PBXFileReference; fileEncoding = 4; lastKnownFileType = sourcecode.c.h; path = AFHTTPSessionManager.h; sourceTree = "<group>"; };
		91608958197BAEDA0036C807 /* AFHTTPSessionManager.m */ = {isa = PBXFileReference; fileEncoding = 4; lastKnownFileType = sourcecode.c.objc; path = AFHTTPSessionManager.m; sourceTree = "<group>"; };
		91608959197BAEDA0036C807 /* AFNetworking.h */ = {isa = PBXFileReference; fileEncoding = 4; lastKnownFileType = sourcecode.c.h; path = AFNetworking.h; sourceTree = "<group>"; };
		9160895A197BAEDA0036C807 /* AFNetworkReachabilityManager.h */ = {isa = PBXFileReference; fileEncoding = 4; lastKnownFileType = sourcecode.c.h; path = AFNetworkReachabilityManager.h; sourceTree = "<group>"; };
		9160895B197BAEDA0036C807 /* AFNetworkReachabilityManager.m */ = {isa = PBXFileReference; fileEncoding = 4; lastKnownFileType = sourcecode.c.objc; path = AFNetworkReachabilityManager.m; sourceTree = "<group>"; };
		9160895C197BAEDA0036C807 /* AFSecurityPolicy.h */ = {isa = PBXFileReference; fileEncoding = 4; lastKnownFileType = sourcecode.c.h; path = AFSecurityPolicy.h; sourceTree = "<group>"; };
		9160895D197BAEDA0036C807 /* AFSecurityPolicy.m */ = {isa = PBXFileReference; fileEncoding = 4; lastKnownFileType = sourcecode.c.objc; path = AFSecurityPolicy.m; sourceTree = "<group>"; };
		9160895E197BAEDA0036C807 /* AFURLConnectionOperation.h */ = {isa = PBXFileReference; fileEncoding = 4; lastKnownFileType = sourcecode.c.h; path = AFURLConnectionOperation.h; sourceTree = "<group>"; };
		9160895F197BAEDA0036C807 /* AFURLConnectionOperation.m */ = {isa = PBXFileReference; fileEncoding = 4; lastKnownFileType = sourcecode.c.objc; path = AFURLConnectionOperation.m; sourceTree = "<group>"; };
		91608960197BAEDA0036C807 /* AFURLRequestSerialization.h */ = {isa = PBXFileReference; fileEncoding = 4; lastKnownFileType = sourcecode.c.h; path = AFURLRequestSerialization.h; sourceTree = "<group>"; };
		91608961197BAEDA0036C807 /* AFURLRequestSerialization.m */ = {isa = PBXFileReference; fileEncoding = 4; lastKnownFileType = sourcecode.c.objc; path = AFURLRequestSerialization.m; sourceTree = "<group>"; };
		91608962197BAEDA0036C807 /* AFURLResponseSerialization.h */ = {isa = PBXFileReference; fileEncoding = 4; lastKnownFileType = sourcecode.c.h; path = AFURLResponseSerialization.h; sourceTree = "<group>"; };
		91608963197BAEDA0036C807 /* AFURLResponseSerialization.m */ = {isa = PBXFileReference; fileEncoding = 4; lastKnownFileType = sourcecode.c.objc; path = AFURLResponseSerialization.m; sourceTree = "<group>"; };
		91608964197BAEDA0036C807 /* AFURLSessionManager.h */ = {isa = PBXFileReference; fileEncoding = 4; lastKnownFileType = sourcecode.c.h; path = AFURLSessionManager.h; sourceTree = "<group>"; };
		91608965197BAEDA0036C807 /* AFURLSessionManager.m */ = {isa = PBXFileReference; fileEncoding = 4; lastKnownFileType = sourcecode.c.objc; path = AFURLSessionManager.m; sourceTree = "<group>"; };
		91608967197BAEDA0036C807 /* AFNetworkActivityIndicatorManager.h */ = {isa = PBXFileReference; fileEncoding = 4; lastKnownFileType = sourcecode.c.h; path = AFNetworkActivityIndicatorManager.h; sourceTree = "<group>"; };
		91608968197BAEDA0036C807 /* AFNetworkActivityIndicatorManager.m */ = {isa = PBXFileReference; fileEncoding = 4; lastKnownFileType = sourcecode.c.objc; path = AFNetworkActivityIndicatorManager.m; sourceTree = "<group>"; };
		91608969197BAEDA0036C807 /* UIActivityIndicatorView+AFNetworking.h */ = {isa = PBXFileReference; fileEncoding = 4; lastKnownFileType = sourcecode.c.h; path = "UIActivityIndicatorView+AFNetworking.h"; sourceTree = "<group>"; };
		9160896A197BAEDA0036C807 /* UIActivityIndicatorView+AFNetworking.m */ = {isa = PBXFileReference; fileEncoding = 4; lastKnownFileType = sourcecode.c.objc; path = "UIActivityIndicatorView+AFNetworking.m"; sourceTree = "<group>"; };
		9160896B197BAEDA0036C807 /* UIAlertView+AFNetworking.h */ = {isa = PBXFileReference; fileEncoding = 4; lastKnownFileType = sourcecode.c.h; path = "UIAlertView+AFNetworking.h"; sourceTree = "<group>"; };
		9160896C197BAEDA0036C807 /* UIAlertView+AFNetworking.m */ = {isa = PBXFileReference; fileEncoding = 4; lastKnownFileType = sourcecode.c.objc; path = "UIAlertView+AFNetworking.m"; sourceTree = "<group>"; };
		9160896D197BAEDA0036C807 /* UIButton+AFNetworking.h */ = {isa = PBXFileReference; fileEncoding = 4; lastKnownFileType = sourcecode.c.h; path = "UIButton+AFNetworking.h"; sourceTree = "<group>"; };
		9160896E197BAEDA0036C807 /* UIButton+AFNetworking.m */ = {isa = PBXFileReference; fileEncoding = 4; lastKnownFileType = sourcecode.c.objc; path = "UIButton+AFNetworking.m"; sourceTree = "<group>"; };
		9160896F197BAEDA0036C807 /* UIImageView+AFNetworking.h */ = {isa = PBXFileReference; fileEncoding = 4; lastKnownFileType = sourcecode.c.h; path = "UIImageView+AFNetworking.h"; sourceTree = "<group>"; };
		91608970197BAEDA0036C807 /* UIImageView+AFNetworking.m */ = {isa = PBXFileReference; fileEncoding = 4; lastKnownFileType = sourcecode.c.objc; path = "UIImageView+AFNetworking.m"; sourceTree = "<group>"; };
		91608971197BAEDA0036C807 /* UIKit+AFNetworking.h */ = {isa = PBXFileReference; fileEncoding = 4; lastKnownFileType = sourcecode.c.h; path = "UIKit+AFNetworking.h"; sourceTree = "<group>"; };
		91608972197BAEDA0036C807 /* UIProgressView+AFNetworking.h */ = {isa = PBXFileReference; fileEncoding = 4; lastKnownFileType = sourcecode.c.h; path = "UIProgressView+AFNetworking.h"; sourceTree = "<group>"; };
		91608973197BAEDA0036C807 /* UIProgressView+AFNetworking.m */ = {isa = PBXFileReference; fileEncoding = 4; lastKnownFileType = sourcecode.c.objc; path = "UIProgressView+AFNetworking.m"; sourceTree = "<group>"; };
		91608974197BAEDA0036C807 /* UIRefreshControl+AFNetworking.h */ = {isa = PBXFileReference; fileEncoding = 4; lastKnownFileType = sourcecode.c.h; path = "UIRefreshControl+AFNetworking.h"; sourceTree = "<group>"; };
		91608975197BAEDA0036C807 /* UIRefreshControl+AFNetworking.m */ = {isa = PBXFileReference; fileEncoding = 4; lastKnownFileType = sourcecode.c.objc; path = "UIRefreshControl+AFNetworking.m"; sourceTree = "<group>"; };
		91608976197BAEDA0036C807 /* UIWebView+AFNetworking.h */ = {isa = PBXFileReference; fileEncoding = 4; lastKnownFileType = sourcecode.c.h; path = "UIWebView+AFNetworking.h"; sourceTree = "<group>"; };
		91608977197BAEDA0036C807 /* UIWebView+AFNetworking.m */ = {isa = PBXFileReference; fileEncoding = 4; lastKnownFileType = sourcecode.c.objc; path = "UIWebView+AFNetworking.m"; sourceTree = "<group>"; };
		9160898B197BB81F0036C807 /* XMLDictionary.h */ = {isa = PBXFileReference; fileEncoding = 4; lastKnownFileType = sourcecode.c.h; path = XMLDictionary.h; sourceTree = "<group>"; };
		9160898C197BB81F0036C807 /* XMLDictionary.m */ = {isa = PBXFileReference; fileEncoding = 4; lastKnownFileType = sourcecode.c.objc; path = XMLDictionary.m; sourceTree = "<group>"; };
		9160898F197BB87A0036C807 /* XMLParser.h */ = {isa = PBXFileReference; fileEncoding = 4; lastKnownFileType = sourcecode.c.h; path = XMLParser.h; sourceTree = "<group>"; };
		91608990197BB87A0036C807 /* XMLParser.m */ = {isa = PBXFileReference; fileEncoding = 4; lastKnownFileType = sourcecode.c.objc; path = XMLParser.m; sourceTree = "<group>"; };
		91608992197BBA7F0036C807 /* LoginXMLParser.h */ = {isa = PBXFileReference; fileEncoding = 4; lastKnownFileType = sourcecode.c.h; path = LoginXMLParser.h; sourceTree = "<group>"; };
		91608993197BBA7F0036C807 /* LoginXMLParser.m */ = {isa = PBXFileReference; fileEncoding = 4; lastKnownFileType = sourcecode.c.objc; path = LoginXMLParser.m; sourceTree = "<group>"; };
		91608996197BCF130036C807 /* ExtensiveInfo.h */ = {isa = PBXFileReference; fileEncoding = 4; lastKnownFileType = sourcecode.c.h; path = ExtensiveInfo.h; sourceTree = "<group>"; };
		91608997197BCF130036C807 /* ExtensiveInfo.m */ = {isa = PBXFileReference; fileEncoding = 4; lastKnownFileType = sourcecode.c.objc; path = ExtensiveInfo.m; sourceTree = "<group>"; };
		91608999197BCFE30036C807 /* IntensiveInfo.h */ = {isa = PBXFileReference; fileEncoding = 4; lastKnownFileType = sourcecode.c.h; path = IntensiveInfo.h; sourceTree = "<group>"; };
		9160899A197BCFE30036C807 /* IntensiveInfo.m */ = {isa = PBXFileReference; fileEncoding = 4; lastKnownFileType = sourcecode.c.objc; path = IntensiveInfo.m; sourceTree = "<group>"; };
		9160899C197BD0280036C807 /* OrgInfo.h */ = {isa = PBXFileReference; fileEncoding = 4; lastKnownFileType = sourcecode.c.h; path = OrgInfo.h; sourceTree = "<group>"; };
		9160899D197BD0280036C807 /* OrgInfo.m */ = {isa = PBXFileReference; fileEncoding = 4; lastKnownFileType = sourcecode.c.objc; path = OrgInfo.m; sourceTree = "<group>"; };
		9160899F197BD06C0036C807 /* RecommendInfo.h */ = {isa = PBXFileReference; fileEncoding = 4; lastKnownFileType = sourcecode.c.h; path = RecommendInfo.h; sourceTree = "<group>"; };
		916089A0197BD06C0036C807 /* RecommendInfo.m */ = {isa = PBXFileReference; fileEncoding = 4; lastKnownFileType = sourcecode.c.objc; path = RecommendInfo.m; sourceTree = "<group>"; };
		917BF93019975D2F00A359EB /* VoicePkgInfoObject.h */ = {isa = PBXFileReference; fileEncoding = 4; lastKnownFileType = sourcecode.c.h; path = VoicePkgInfoObject.h; sourceTree = "<group>"; };
		917BF93119975D2F00A359EB /* VoicePkgInfoObject.m */ = {isa = PBXFileReference; fileEncoding = 4; lastKnownFileType = sourcecode.c.objc; path = VoicePkgInfoObject.m; sourceTree = "<group>"; };
		917BF93419975DA000A359EB /* StoreVoiceDataListParser.h */ = {isa = PBXFileReference; fileEncoding = 4; lastKnownFileType = sourcecode.c.h; path = StoreVoiceDataListParser.h; sourceTree = "<group>"; };
		917BF93519975DA000A359EB /* StoreVoiceDataListParser.m */ = {isa = PBXFileReference; fileEncoding = 4; lastKnownFileType = sourcecode.c.objc; path = StoreVoiceDataListParser.m; sourceTree = "<group>"; };
		917BF938199766BE00A359EB /* DataSource.h */ = {isa = PBXFileReference; fileEncoding = 4; lastKnownFileType = sourcecode.c.h; path = DataSource.h; sourceTree = "<group>"; };
		917BF939199766BE00A359EB /* DataSource.m */ = {isa = PBXFileReference; fileEncoding = 4; lastKnownFileType = sourcecode.c.objc; path = DataSource.m; sourceTree = "<group>"; };
		917BF93B19979E1400A359EB /* DatabaseOperation.h */ = {isa = PBXFileReference; fileEncoding = 4; lastKnownFileType = sourcecode.c.h; path = DatabaseOperation.h; sourceTree = "<group>"; };
		917BF93C19979E1400A359EB /* DatabaseOperation.m */ = {isa = PBXFileReference; fileEncoding = 4; lastKnownFileType = sourcecode.c.objc; path = DatabaseOperation.m; sourceTree = "<group>"; };
		917BF93E1997A27800A359EB /* libsqlite3.0.dylib */ = {isa = PBXFileReference; lastKnownFileType = "compiled.mach-o.dylib"; name = libsqlite3.0.dylib; path = usr/lib/libsqlite3.0.dylib; sourceTree = SDKROOT; };
		917BF9411997A99000A359EB /* NSDataAdditions.h */ = {isa = PBXFileReference; fileEncoding = 4; lastKnownFileType = sourcecode.c.h; path = NSDataAdditions.h; sourceTree = "<group>"; };
		917BF9421997A99000A359EB /* NSDataAdditions.m */ = {isa = PBXFileReference; fileEncoding = 4; lastKnownFileType = sourcecode.c.objc; path = NSDataAdditions.m; sourceTree = "<group>"; };
		917BF9431997A99000A359EB /* TBXML.h */ = {isa = PBXFileReference; fileEncoding = 4; lastKnownFileType = sourcecode.c.h; path = TBXML.h; sourceTree = "<group>"; };
		917BF9441997A99000A359EB /* TBXML.m */ = {isa = PBXFileReference; fileEncoding = 4; lastKnownFileType = sourcecode.c.objc; path = TBXML.m; sourceTree = "<group>"; };
		917BF9481997AD9500A359EB /* isaybioDecode.h */ = {isa = PBXFileReference; fileEncoding = 4; lastKnownFileType = sourcecode.c.h; path = isaybioDecode.h; sourceTree = "<group>"; };
		917BF9491997AD9500A359EB /* libisayioDecode.a */ = {isa = PBXFileReference; lastKnownFileType = archive.ar; path = libisayioDecode.a; sourceTree = "<group>"; };
		917BF94B1997AD9500A359EB /* AQPlayer.h */ = {isa = PBXFileReference; fileEncoding = 4; lastKnownFileType = sourcecode.c.h; path = AQPlayer.h; sourceTree = "<group>"; };
		917BF94C1997AD9500A359EB /* AQPlayer.mm */ = {isa = PBXFileReference; fileEncoding = 4; lastKnownFileType = sourcecode.cpp.objcpp; path = AQPlayer.mm; sourceTree = "<group>"; };
		917BF94D1997AD9500A359EB /* AQRecorder.h */ = {isa = PBXFileReference; fileEncoding = 4; lastKnownFileType = sourcecode.c.h; path = AQRecorder.h; sourceTree = "<group>"; };
		917BF94E1997AD9500A359EB /* AQRecorder.mm */ = {isa = PBXFileReference; fileEncoding = 4; lastKnownFileType = sourcecode.cpp.objcpp; path = AQRecorder.mm; sourceTree = "<group>"; };
		917BF9501997AD9500A359EB /* isaybiosscroe.h */ = {isa = PBXFileReference; fileEncoding = 4; lastKnownFileType = sourcecode.c.h; path = isaybiosscroe.h; sourceTree = "<group>"; };
		917BF9511997AD9500A359EB /* libisayscore.a */ = {isa = PBXFileReference; lastKnownFileType = archive.ar; path = libisayscore.a; sourceTree = "<group>"; };
		917BF9521997AD9500A359EB /* WaveFile.cpp */ = {isa = PBXFileReference; fileEncoding = 4; lastKnownFileType = sourcecode.cpp.cpp; path = WaveFile.cpp; sourceTree = "<group>"; };
		917BF9531997AD9500A359EB /* WaveFile.h */ = {isa = PBXFileReference; fileEncoding = 4; lastKnownFileType = sourcecode.c.h; path = WaveFile.h; sourceTree = "<group>"; };
		917BF95A1997B50A00A359EB /* CADebugMacros.cpp */ = {isa = PBXFileReference; fileEncoding = 4; lastKnownFileType = sourcecode.cpp.cpp; path = CADebugMacros.cpp; sourceTree = "<group>"; };
		917BF95B1997B50A00A359EB /* CADebugMacros.h */ = {isa = PBXFileReference; fileEncoding = 4; lastKnownFileType = sourcecode.c.h; path = CADebugMacros.h; sourceTree = "<group>"; };
		917BF95C1997B50A00A359EB /* CAMath.h */ = {isa = PBXFileReference; fileEncoding = 4; lastKnownFileType = sourcecode.c.h; path = CAMath.h; sourceTree = "<group>"; };
		917BF95D1997B50A00A359EB /* CAStreamBasicDescription.cpp */ = {isa = PBXFileReference; fileEncoding = 4; lastKnownFileType = sourcecode.cpp.cpp; path = CAStreamBasicDescription.cpp; sourceTree = "<group>"; };
		917BF95E1997B50A00A359EB /* CAStreamBasicDescription.h */ = {isa = PBXFileReference; fileEncoding = 4; lastKnownFileType = sourcecode.c.h; path = CAStreamBasicDescription.h; sourceTree = "<group>"; };
		917BF95F1997B50A00A359EB /* CAXException.cpp */ = {isa = PBXFileReference; fileEncoding = 4; lastKnownFileType = sourcecode.cpp.cpp; path = CAXException.cpp; sourceTree = "<group>"; };
		917BF9601997B50A00A359EB /* CAXException.h */ = {isa = PBXFileReference; fileEncoding = 4; lastKnownFileType = sourcecode.c.h; path = CAXException.h; sourceTree = "<group>"; };
		917BF9641997C41300A359EB /* AudioToolbox.framework */ = {isa = PBXFileReference; lastKnownFileType = wrapper.framework; name = AudioToolbox.framework; path = System/Library/Frameworks/AudioToolbox.framework; sourceTree = SDKROOT; };
		917BF9661997C41D00A359EB /* AVFoundation.framework */ = {isa = PBXFileReference; lastKnownFileType = wrapper.framework; name = AVFoundation.framework; path = System/Library/Frameworks/AVFoundation.framework; sourceTree = SDKROOT; };
		917BF9681997C42D00A359EB /* SystemConfiguration.framework */ = {isa = PBXFileReference; lastKnownFileType = wrapper.framework; name = SystemConfiguration.framework; path = System/Library/Frameworks/SystemConfiguration.framework; sourceTree = SDKROOT; };
		917BF96A1997C43600A359EB /* CoreText.framework */ = {isa = PBXFileReference; lastKnownFileType = wrapper.framework; name = CoreText.framework; path = System/Library/Frameworks/CoreText.framework; sourceTree = SDKROOT; };
		917BF96C1997C44400A359EB /* QuartzCore.framework */ = {isa = PBXFileReference; lastKnownFileType = wrapper.framework; name = QuartzCore.framework; path = System/Library/Frameworks/QuartzCore.framework; sourceTree = SDKROOT; };
		91CD5D611975844C001E2814 /* VerbalLearning.app */ = {isa = PBXFileReference; explicitFileType = wrapper.application; includeInIndex = 0; path = VerbalLearning.app; sourceTree = BUILT_PRODUCTS_DIR; };
		91CD5D641975844C001E2814 /* Foundation.framework */ = {isa = PBXFileReference; lastKnownFileType = wrapper.framework; name = Foundation.framework; path = System/Library/Frameworks/Foundation.framework; sourceTree = SDKROOT; };
		91CD5D661975844C001E2814 /* CoreGraphics.framework */ = {isa = PBXFileReference; lastKnownFileType = wrapper.framework; name = CoreGraphics.framework; path = System/Library/Frameworks/CoreGraphics.framework; sourceTree = SDKROOT; };
		91CD5D681975844C001E2814 /* UIKit.framework */ = {isa = PBXFileReference; lastKnownFileType = wrapper.framework; name = UIKit.framework; path = System/Library/Frameworks/UIKit.framework; sourceTree = SDKROOT; };
		91CD5D6C1975844C001E2814 /* VerbalLearning-Info.plist */ = {isa = PBXFileReference; lastKnownFileType = text.plist.xml; path = "VerbalLearning-Info.plist"; sourceTree = "<group>"; };
		91CD5D6E1975844C001E2814 /* en */ = {isa = PBXFileReference; lastKnownFileType = text.plist.strings; name = en; path = en.lproj/InfoPlist.strings; sourceTree = "<group>"; };
		91CD5D701975844C001E2814 /* main.m */ = {isa = PBXFileReference; lastKnownFileType = sourcecode.c.objc; path = main.m; sourceTree = "<group>"; };
		91CD5D721975844C001E2814 /* VerbalLearning-Prefix.pch */ = {isa = PBXFileReference; lastKnownFileType = sourcecode.c.h; path = "VerbalLearning-Prefix.pch"; sourceTree = "<group>"; };
		91CD5D731975844C001E2814 /* AppDelegate.h */ = {isa = PBXFileReference; lastKnownFileType = sourcecode.c.h; name = AppDelegate.h; path = ../AppDelegate.h; sourceTree = "<group>"; };
		91CD5D741975844C001E2814 /* AppDelegate.m */ = {isa = PBXFileReference; lastKnownFileType = sourcecode.c.objc; name = AppDelegate.m; path = ../AppDelegate.m; sourceTree = "<group>"; };
		91CD5D761975844C001E2814 /* Images.xcassets */ = {isa = PBXFileReference; lastKnownFileType = folder.assetcatalog; name = Images.xcassets; path = ../Images.xcassets; sourceTree = "<group>"; };
		91CD5D7C1975844C001E2814 /* VerbalLearningTests.xctest */ = {isa = PBXFileReference; explicitFileType = wrapper.cfbundle; includeInIndex = 0; path = VerbalLearningTests.xctest; sourceTree = BUILT_PRODUCTS_DIR; };
		91CD5D7D1975844C001E2814 /* XCTest.framework */ = {isa = PBXFileReference; lastKnownFileType = wrapper.framework; name = XCTest.framework; path = Library/Frameworks/XCTest.framework; sourceTree = DEVELOPER_DIR; };
		91CD5D851975844C001E2814 /* VerbalLearningTests-Info.plist */ = {isa = PBXFileReference; lastKnownFileType = text.plist.xml; path = "VerbalLearningTests-Info.plist"; sourceTree = "<group>"; };
		91CD5D871975844C001E2814 /* en */ = {isa = PBXFileReference; lastKnownFileType = text.plist.strings; name = en; path = en.lproj/InfoPlist.strings; sourceTree = "<group>"; };
		91CD5D891975844C001E2814 /* VerbalLearningTests.m */ = {isa = PBXFileReference; lastKnownFileType = sourcecode.c.objc; path = VerbalLearningTests.m; sourceTree = "<group>"; };
		91CD5D981975865D001E2814 /* Database */ = {isa = PBXFileReference; lastKnownFileType = folder; path = Database; sourceTree = "<group>"; };
		91CD5DA21975874C001E2814 /* LoginViewController.h */ = {isa = PBXFileReference; fileEncoding = 4; lastKnownFileType = sourcecode.c.h; path = LoginViewController.h; sourceTree = "<group>"; };
		91CD5DA31975874C001E2814 /* LoginViewController.m */ = {isa = PBXFileReference; fileEncoding = 4; lastKnownFileType = sourcecode.c.objc; path = LoginViewController.m; sourceTree = "<group>"; };
		91CD5DA41975874C001E2814 /* LoginViewController.xib */ = {isa = PBXFileReference; fileEncoding = 4; lastKnownFileType = file.xib; name = LoginViewController.xib; path = ../Controllers/LoginViewController.xib; sourceTree = "<group>"; };
		91D0F0971983AD9100547645 /* RootNavigationController.h */ = {isa = PBXFileReference; fileEncoding = 4; lastKnownFileType = sourcecode.c.h; path = RootNavigationController.h; sourceTree = "<group>"; };
		91D0F0981983AD9100547645 /* RootNavigationController.m */ = {isa = PBXFileReference; fileEncoding = 4; lastKnownFileType = sourcecode.c.objc; path = RootNavigationController.m; sourceTree = "<group>"; };
		91E1B9E219AB835B00DF1A2C /* AHKActionSheet.h */ = {isa = PBXFileReference; fileEncoding = 4; lastKnownFileType = sourcecode.c.h; path = AHKActionSheet.h; sourceTree = "<group>"; };
		91E1B9E319AB835B00DF1A2C /* AHKActionSheet.m */ = {isa = PBXFileReference; fileEncoding = 4; lastKnownFileType = sourcecode.c.objc; path = AHKActionSheet.m; sourceTree = "<group>"; };
		91E1B9E419AB835B00DF1A2C /* AHKActionSheetViewController.h */ = {isa = PBXFileReference; fileEncoding = 4; lastKnownFileType = sourcecode.c.h; path = AHKActionSheetViewController.h; sourceTree = "<group>"; };
		91E1B9E519AB835B00DF1A2C /* AHKActionSheetViewController.m */ = {isa = PBXFileReference; fileEncoding = 4; lastKnownFileType = sourcecode.c.objc; path = AHKActionSheetViewController.m; sourceTree = "<group>"; };
		91E1B9E619AB835B00DF1A2C /* UIImage+AHKAdditions.h */ = {isa = PBXFileReference; fileEncoding = 4; lastKnownFileType = sourcecode.c.h; path = "UIImage+AHKAdditions.h"; sourceTree = "<group>"; };
		91E1B9E719AB835B00DF1A2C /* UIImage+AHKAdditions.m */ = {isa = PBXFileReference; fileEncoding = 4; lastKnownFileType = sourcecode.c.objc; path = "UIImage+AHKAdditions.m"; sourceTree = "<group>"; };
		91E1B9E819AB835B00DF1A2C /* UIWindow+AHKAdditions.h */ = {isa = PBXFileReference; fileEncoding = 4; lastKnownFileType = sourcecode.c.h; path = "UIWindow+AHKAdditions.h"; sourceTree = "<group>"; };
		91E1B9E919AB835B00DF1A2C /* UIWindow+AHKAdditions.m */ = {isa = PBXFileReference; fileEncoding = 4; lastKnownFileType = sourcecode.c.objc; path = "UIWindow+AHKAdditions.m"; sourceTree = "<group>"; };
		91E7F29E19839049006C6CF3 /* MMDrawerBarButtonItem.h */ = {isa = PBXFileReference; fileEncoding = 4; lastKnownFileType = sourcecode.c.h; path = MMDrawerBarButtonItem.h; sourceTree = "<group>"; };
		91E7F29F19839049006C6CF3 /* MMDrawerBarButtonItem.m */ = {isa = PBXFileReference; fileEncoding = 4; lastKnownFileType = sourcecode.c.objc; path = MMDrawerBarButtonItem.m; sourceTree = "<group>"; };
		91E7F2A019839049006C6CF3 /* MMDrawerController+Subclass.h */ = {isa = PBXFileReference; fileEncoding = 4; lastKnownFileType = sourcecode.c.h; path = "MMDrawerController+Subclass.h"; sourceTree = "<group>"; };
		91E7F2A119839049006C6CF3 /* MMDrawerController.h */ = {isa = PBXFileReference; fileEncoding = 4; lastKnownFileType = sourcecode.c.h; path = MMDrawerController.h; sourceTree = "<group>"; };
		91E7F2A219839049006C6CF3 /* MMDrawerController.m */ = {isa = PBXFileReference; fileEncoding = 4; lastKnownFileType = sourcecode.c.objc; path = MMDrawerController.m; sourceTree = "<group>"; };
		91E7F2A319839049006C6CF3 /* MMDrawerVisualState.h */ = {isa = PBXFileReference; fileEncoding = 4; lastKnownFileType = sourcecode.c.h; path = MMDrawerVisualState.h; sourceTree = "<group>"; };
		91E7F2A419839049006C6CF3 /* MMDrawerVisualState.m */ = {isa = PBXFileReference; fileEncoding = 4; lastKnownFileType = sourcecode.c.objc; path = MMDrawerVisualState.m; sourceTree = "<group>"; };
		91E7F2A519839049006C6CF3 /* UIViewController+MMDrawerController.h */ = {isa = PBXFileReference; fileEncoding = 4; lastKnownFileType = sourcecode.c.h; path = "UIViewController+MMDrawerController.h"; sourceTree = "<group>"; };
		91E7F2A619839049006C6CF3 /* UIViewController+MMDrawerController.m */ = {isa = PBXFileReference; fileEncoding = 4; lastKnownFileType = sourcecode.c.objc; path = "UIViewController+MMDrawerController.m"; sourceTree = "<group>"; };
		91E7F2AB198390AD006C6CF3 /* HomeDrawerViewController.h */ = {isa = PBXFileReference; fileEncoding = 4; lastKnownFileType = sourcecode.c.h; path = HomeDrawerViewController.h; sourceTree = "<group>"; };
		91E7F2AC198390AD006C6CF3 /* HomeDrawerViewController.m */ = {isa = PBXFileReference; fileEncoding = 4; lastKnownFileType = sourcecode.c.objc; path = HomeDrawerViewController.m; sourceTree = "<group>"; };
		91E7F2B319839169006C6CF3 /* CenterDrawerViewController.h */ = {isa = PBXFileReference; fileEncoding = 4; lastKnownFileType = sourcecode.c.h; path = CenterDrawerViewController.h; sourceTree = "<group>"; };
		91E7F2B419839169006C6CF3 /* CenterDrawerViewController.m */ = {isa = PBXFileReference; fileEncoding = 4; lastKnownFileType = sourcecode.c.objc; path = CenterDrawerViewController.m; sourceTree = "<group>"; };
		91E7F2B519839169006C6CF3 /* CenterDrawerViewController.xib */ = {isa = PBXFileReference; fileEncoding = 4; lastKnownFileType = file.xib; name = CenterDrawerViewController.xib; path = ../Controllers/CenterDrawerViewController.xib; sourceTree = "<group>"; };
		91E7F2B819839181006C6CF3 /* LeftSideDrawerViewController.h */ = {isa = PBXFileReference; fileEncoding = 4; lastKnownFileType = sourcecode.c.h; path = LeftSideDrawerViewController.h; sourceTree = "<group>"; };
		91E7F2B919839181006C6CF3 /* LeftSideDrawerViewController.m */ = {isa = PBXFileReference; fileEncoding = 4; lastKnownFileType = sourcecode.c.objc; path = LeftSideDrawerViewController.m; sourceTree = "<group>"; };
		91E7F2BA19839181006C6CF3 /* LeftSideDrawerViewController.xib */ = {isa = PBXFileReference; fileEncoding = 4; lastKnownFileType = file.xib; name = LeftSideDrawerViewController.xib; path = ../Controllers/LeftSideDrawerViewController.xib; sourceTree = "<group>"; };
/* End PBXFileReference section */

/* Begin PBXFrameworksBuildPhase section */
		91CD5D5E1975844C001E2814 /* Frameworks */ = {
			isa = PBXFrameworksBuildPhase;
			buildActionMask = 2147483647;
			files = (
				917BF96D1997C44400A359EB /* QuartzCore.framework in Frameworks */,
				917BF96B1997C43600A359EB /* CoreText.framework in Frameworks */,
				917BF9691997C42D00A359EB /* SystemConfiguration.framework in Frameworks */,
				917BF9671997C41D00A359EB /* AVFoundation.framework in Frameworks */,
				917BF9651997C41300A359EB /* AudioToolbox.framework in Frameworks */,
				917BF9571997AD9500A359EB /* libisayscore.a in Frameworks */,
				917BF9541997AD9500A359EB /* libisayioDecode.a in Frameworks */,
				917BF93F1997A27800A359EB /* libsqlite3.0.dylib in Frameworks */,
				91CD5D671975844C001E2814 /* CoreGraphics.framework in Frameworks */,
				91CD5D691975844C001E2814 /* UIKit.framework in Frameworks */,
				91CD5D651975844C001E2814 /* Foundation.framework in Frameworks */,
			);
			runOnlyForDeploymentPostprocessing = 0;
		};
		91CD5D791975844C001E2814 /* Frameworks */ = {
			isa = PBXFrameworksBuildPhase;
			buildActionMask = 2147483647;
			files = (
				91CD5D7E1975844C001E2814 /* XCTest.framework in Frameworks */,
				91CD5D801975844C001E2814 /* UIKit.framework in Frameworks */,
				91CD5D7F1975844C001E2814 /* Foundation.framework in Frameworks */,
			);
			runOnlyForDeploymentPostprocessing = 0;
		};
/* End PBXFrameworksBuildPhase section */

/* Begin PBXGroup section */
		91310680198DC9AB006B7364 /* Speak */ = {
			isa = PBXGroup;
			children = (
				91310681198DC9D8006B7364 /* SpeakListViewController.h */,
				91310682198DC9D8006B7364 /* SpeakListViewController.m */,
			);
			name = Speak;
			sourceTree = "<group>";
		};
		91608951197BAEDA0036C807 /* Libraries */ = {
			isa = PBXGroup;
			children = (
				91E7F29C1983902A006C6CF3 /* Interface */,
				91608989197BAEF60036C807 /* Network */,
			);
			path = Libraries;
			sourceTree = "<group>";
		};
		91608952197BAEDA0036C807 /* AFNetworking */ = {
			isa = PBXGroup;
			children = (
				91608953197BAEDA0036C807 /* AFHTTPRequestOperation.h */,
				91608954197BAEDA0036C807 /* AFHTTPRequestOperation.m */,
				91608955197BAEDA0036C807 /* AFHTTPRequestOperationManager.h */,
				91608956197BAEDA0036C807 /* AFHTTPRequestOperationManager.m */,
				91608957197BAEDA0036C807 /* AFHTTPSessionManager.h */,
				91608958197BAEDA0036C807 /* AFHTTPSessionManager.m */,
				91608959197BAEDA0036C807 /* AFNetworking.h */,
				9160895A197BAEDA0036C807 /* AFNetworkReachabilityManager.h */,
				9160895B197BAEDA0036C807 /* AFNetworkReachabilityManager.m */,
				9160895C197BAEDA0036C807 /* AFSecurityPolicy.h */,
				9160895D197BAEDA0036C807 /* AFSecurityPolicy.m */,
				9160895E197BAEDA0036C807 /* AFURLConnectionOperation.h */,
				9160895F197BAEDA0036C807 /* AFURLConnectionOperation.m */,
				91608960197BAEDA0036C807 /* AFURLRequestSerialization.h */,
				91608961197BAEDA0036C807 /* AFURLRequestSerialization.m */,
				91608962197BAEDA0036C807 /* AFURLResponseSerialization.h */,
				91608963197BAEDA0036C807 /* AFURLResponseSerialization.m */,
				91608964197BAEDA0036C807 /* AFURLSessionManager.h */,
				91608965197BAEDA0036C807 /* AFURLSessionManager.m */,
			);
			path = AFNetworking;
			sourceTree = "<group>";
		};
		91608966197BAEDA0036C807 /* UIKit+AFNetworking */ = {
			isa = PBXGroup;
			children = (
				91608967197BAEDA0036C807 /* AFNetworkActivityIndicatorManager.h */,
				91608968197BAEDA0036C807 /* AFNetworkActivityIndicatorManager.m */,
				91608969197BAEDA0036C807 /* UIActivityIndicatorView+AFNetworking.h */,
				9160896A197BAEDA0036C807 /* UIActivityIndicatorView+AFNetworking.m */,
				9160896B197BAEDA0036C807 /* UIAlertView+AFNetworking.h */,
				9160896C197BAEDA0036C807 /* UIAlertView+AFNetworking.m */,
				9160896D197BAEDA0036C807 /* UIButton+AFNetworking.h */,
				9160896E197BAEDA0036C807 /* UIButton+AFNetworking.m */,
				9160896F197BAEDA0036C807 /* UIImageView+AFNetworking.h */,
				91608970197BAEDA0036C807 /* UIImageView+AFNetworking.m */,
				91608971197BAEDA0036C807 /* UIKit+AFNetworking.h */,
				91608972197BAEDA0036C807 /* UIProgressView+AFNetworking.h */,
				91608973197BAEDA0036C807 /* UIProgressView+AFNetworking.m */,
				91608974197BAEDA0036C807 /* UIRefreshControl+AFNetworking.h */,
				91608975197BAEDA0036C807 /* UIRefreshControl+AFNetworking.m */,
				91608976197BAEDA0036C807 /* UIWebView+AFNetworking.h */,
				91608977197BAEDA0036C807 /* UIWebView+AFNetworking.m */,
			);
			path = "UIKit+AFNetworking";
			sourceTree = "<group>";
		};
		91608989197BAEF60036C807 /* Network */ = {
			isa = PBXGroup;
			children = (
				91608952197BAEDA0036C807 /* AFNetworking */,
				91608966197BAEDA0036C807 /* UIKit+AFNetworking */,
			);
			name = Network;
			sourceTree = "<group>";
		};
		9160898A197BB81F0036C807 /* XMLParser */ = {
			isa = PBXGroup;
			children = (
				917BF9401997A99000A359EB /* TBXML */,
				917BF93319975D9500A359EB /* Home */,
				9160898E197BB8330036C807 /* Login */,
				9160898F197BB87A0036C807 /* XMLParser.h */,
				91608990197BB87A0036C807 /* XMLParser.m */,
				9160898B197BB81F0036C807 /* XMLDictionary.h */,
				9160898C197BB81F0036C807 /* XMLDictionary.m */,
			);
			path = XMLParser;
			sourceTree = "<group>";
		};
		9160898E197BB8330036C807 /* Login */ = {
			isa = PBXGroup;
			children = (
				91608992197BBA7F0036C807 /* LoginXMLParser.h */,
				91608993197BBA7F0036C807 /* LoginXMLParser.m */,
			);
			name = Login;
			sourceTree = "<group>";
		};
		91608995197BCEB10036C807 /* Login */ = {
			isa = PBXGroup;
			children = (
				91608996197BCF130036C807 /* ExtensiveInfo.h */,
				91608997197BCF130036C807 /* ExtensiveInfo.m */,
				91608999197BCFE30036C807 /* IntensiveInfo.h */,
				9160899A197BCFE30036C807 /* IntensiveInfo.m */,
				9160899F197BD06C0036C807 /* RecommendInfo.h */,
				916089A0197BD06C0036C807 /* RecommendInfo.m */,
				9160899C197BD0280036C807 /* OrgInfo.h */,
				9160899D197BD0280036C807 /* OrgInfo.m */,
			);
			name = Login;
			sourceTree = "<group>";
		};
		917BF92F19975D2500A359EB /* Home */ = {
			isa = PBXGroup;
			children = (
				917BF93019975D2F00A359EB /* VoicePkgInfoObject.h */,
				917BF93119975D2F00A359EB /* VoicePkgInfoObject.m */,
				915AC41D19A8B84E00B6DE8C /* DailyWordsInfo.h */,
				915AC41E19A8B84E00B6DE8C /* DailyWordsInfo.m */,
			);
			name = Home;
			sourceTree = "<group>";
		};
		917BF93319975D9500A359EB /* Home */ = {
			isa = PBXGroup;
			children = (
				917BF93419975DA000A359EB /* StoreVoiceDataListParser.h */,
				917BF93519975DA000A359EB /* StoreVoiceDataListParser.m */,
				915AC42019A8BB3300B6DE8C /* DailyWordsParser.h */,
				915AC42119A8BB3300B6DE8C /* DailyWordsParser.m */,
			);
			name = Home;
			sourceTree = "<group>";
		};
		917BF937199766A300A359EB /* Database */ = {
			isa = PBXGroup;
			children = (
				917BF938199766BE00A359EB /* DataSource.h */,
				917BF939199766BE00A359EB /* DataSource.m */,
				917BF93B19979E1400A359EB /* DatabaseOperation.h */,
				917BF93C19979E1400A359EB /* DatabaseOperation.m */,
			);
			path = Database;
			sourceTree = "<group>";
		};
		917BF9401997A99000A359EB /* TBXML */ = {
			isa = PBXGroup;
			children = (
				917BF9411997A99000A359EB /* NSDataAdditions.h */,
				917BF9421997A99000A359EB /* NSDataAdditions.m */,
				917BF9431997A99000A359EB /* TBXML.h */,
				917BF9441997A99000A359EB /* TBXML.m */,
			);
			path = TBXML;
			sourceTree = "<group>";
		};
		917BF9471997AD9500A359EB /* WaveDecode */ = {
			isa = PBXGroup;
			children = (
				917BF9481997AD9500A359EB /* isaybioDecode.h */,
				917BF9491997AD9500A359EB /* libisayioDecode.a */,
				917BF94A1997AD9500A359EB /* PlayRecord */,
				917BF94F1997AD9500A359EB /* VoiceScore */,
				917BF9521997AD9500A359EB /* WaveFile.cpp */,
				917BF9531997AD9500A359EB /* WaveFile.h */,
			);
			path = WaveDecode;
			sourceTree = "<group>";
		};
		917BF94A1997AD9500A359EB /* PlayRecord */ = {
			isa = PBXGroup;
			children = (
				917BF94B1997AD9500A359EB /* AQPlayer.h */,
				917BF94C1997AD9500A359EB /* AQPlayer.mm */,
				917BF94D1997AD9500A359EB /* AQRecorder.h */,
				917BF94E1997AD9500A359EB /* AQRecorder.mm */,
			);
			path = PlayRecord;
			sourceTree = "<group>";
		};
		917BF94F1997AD9500A359EB /* VoiceScore */ = {
			isa = PBXGroup;
			children = (
				917BF9501997AD9500A359EB /* isaybiosscroe.h */,
				917BF9511997AD9500A359EB /* libisayscore.a */,
			);
			path = VoiceScore;
			sourceTree = "<group>";
		};
		917BF9591997B50A00A359EB /* iPublicUtility */ = {
			isa = PBXGroup;
			children = (
				917BF95A1997B50A00A359EB /* CADebugMacros.cpp */,
				917BF95B1997B50A00A359EB /* CADebugMacros.h */,
				917BF95C1997B50A00A359EB /* CAMath.h */,
				917BF95D1997B50A00A359EB /* CAStreamBasicDescription.cpp */,
				917BF95E1997B50A00A359EB /* CAStreamBasicDescription.h */,
				917BF95F1997B50A00A359EB /* CAXException.cpp */,
				917BF9601997B50A00A359EB /* CAXException.h */,
			);
			path = iPublicUtility;
			sourceTree = "<group>";
		};
		91CD5D581975844C001E2814 = {
			isa = PBXGroup;
			children = (
				91CD5D6A1975844C001E2814 /* VerbalLearning */,
				91CD5D831975844C001E2814 /* VerbalLearningTests */,
				91CD5D631975844C001E2814 /* Frameworks */,
				91CD5D621975844C001E2814 /* Products */,
			);
			sourceTree = "<group>";
		};
		91CD5D621975844C001E2814 /* Products */ = {
			isa = PBXGroup;
			children = (
				91CD5D611975844C001E2814 /* VerbalLearning.app */,
				91CD5D7C1975844C001E2814 /* VerbalLearningTests.xctest */,
			);
			name = Products;
			sourceTree = "<group>";
		};
		91CD5D631975844C001E2814 /* Frameworks */ = {
			isa = PBXGroup;
			children = (
				917BF96C1997C44400A359EB /* QuartzCore.framework */,
				917BF96A1997C43600A359EB /* CoreText.framework */,
				917BF9681997C42D00A359EB /* SystemConfiguration.framework */,
				917BF9661997C41D00A359EB /* AVFoundation.framework */,
				917BF9641997C41300A359EB /* AudioToolbox.framework */,
				917BF93E1997A27800A359EB /* libsqlite3.0.dylib */,
				91CD5D641975844C001E2814 /* Foundation.framework */,
				91CD5D661975844C001E2814 /* CoreGraphics.framework */,
				91CD5D681975844C001E2814 /* UIKit.framework */,
				91CD5D7D1975844C001E2814 /* XCTest.framework */,
			);
			name = Frameworks;
			sourceTree = "<group>";
		};
		91CD5D6A1975844C001E2814 /* VerbalLearning */ = {
			isa = PBXGroup;
			children = (
				91CD5D9C197586B3001E2814 /* Classes */,
				91CD5D6B1975844C001E2814 /* Supporting Files */,
			);
			path = VerbalLearning;
			sourceTree = "<group>";
		};
		91CD5D6B1975844C001E2814 /* Supporting Files */ = {
			isa = PBXGroup;
			children = (
				91CD5D9419758649001E2814 /* Resources */,
				91CD5D6C1975844C001E2814 /* VerbalLearning-Info.plist */,
				91CD5D6D1975844C001E2814 /* InfoPlist.strings */,
				91CD5D701975844C001E2814 /* main.m */,
				91CD5D721975844C001E2814 /* VerbalLearning-Prefix.pch */,
			);
			name = "Supporting Files";
			sourceTree = "<group>";
		};
		91CD5D831975844C001E2814 /* VerbalLearningTests */ = {
			isa = PBXGroup;
			children = (
				91CD5D891975844C001E2814 /* VerbalLearningTests.m */,
				91CD5D841975844C001E2814 /* Supporting Files */,
			);
			path = VerbalLearningTests;
			sourceTree = "<group>";
		};
		91CD5D841975844C001E2814 /* Supporting Files */ = {
			isa = PBXGroup;
			children = (
				91CD5D851975844C001E2814 /* VerbalLearningTests-Info.plist */,
				91CD5D861975844C001E2814 /* InfoPlist.strings */,
			);
			name = "Supporting Files";
			sourceTree = "<group>";
		};
		91CD5D9419758649001E2814 /* Resources */ = {
			isa = PBXGroup;
			children = (
				91CD5D761975844C001E2814 /* Images.xcassets */,
				91CD5D981975865D001E2814 /* Database */,
			);
			path = Resources;
			sourceTree = "<group>";
		};
		91CD5D9C197586B3001E2814 /* Classes */ = {
			isa = PBXGroup;
			children = (
				91CD5D731975844C001E2814 /* AppDelegate.h */,
				91CD5D741975844C001E2814 /* AppDelegate.m */,
				915AC41A19A7999800B6DE8C /* VLSingleton.h */,
				915AC41B19A7999800B6DE8C /* VLSingleton.m */,
				91CD5D9D197586B3001E2814 /* Controllers */,
				91CD5D9E197586B3001E2814 /* Models */,
				91CD5D9F197586B3001E2814 /* Views */,
				91CD5DA019758702001E2814 /* Xibs */,
				91608951197BAEDA0036C807 /* Libraries */,
				9160898A197BB81F0036C807 /* XMLParser */,
				917BF937199766A300A359EB /* Database */,
				917BF9471997AD9500A359EB /* WaveDecode */,
				917BF9591997B50A00A359EB /* iPublicUtility */,
			);
			path = Classes;
			sourceTree = "<group>";
		};
		91CD5D9D197586B3001E2814 /* Controllers */ = {
			isa = PBXGroup;
			children = (
				91310680198DC9AB006B7364 /* Speak */,
				91E7F2431983845F006C6CF3 /* Home */,
				91CD5DA11975871F001E2814 /* LogIn */,
			);
			path = Controllers;
			sourceTree = "<group>";
		};
		91CD5D9E197586B3001E2814 /* Models */ = {
			isa = PBXGroup;
			children = (
				917BF92F19975D2500A359EB /* Home */,
				91608995197BCEB10036C807 /* Login */,
			);
			path = Models;
			sourceTree = "<group>";
		};
		91CD5D9F197586B3001E2814 /* Views */ = {
			isa = PBXGroup;
			children = (
			);
			path = Views;
			sourceTree = "<group>";
		};
		91CD5DA019758702001E2814 /* Xibs */ = {
			isa = PBXGroup;
			children = (
				91CD5DA71975875C001E2814 /* LogIn */,
			);
			path = Xibs;
			sourceTree = "<group>";
		};
		91CD5DA11975871F001E2814 /* LogIn */ = {
			isa = PBXGroup;
			children = (
				91CD5DA21975874C001E2814 /* LoginViewController.h */,
				91CD5DA31975874C001E2814 /* LoginViewController.m */,
			);
			name = LogIn;
			sourceTree = "<group>";
		};
		91CD5DA71975875C001E2814 /* LogIn */ = {
			isa = PBXGroup;
			children = (
				91310683198DC9D8006B7364 /* SpeakListViewController.xib */,
				91E7F2B519839169006C6CF3 /* CenterDrawerViewController.xib */,
				91E7F2BA19839181006C6CF3 /* LeftSideDrawerViewController.xib */,
				91CD5DA41975874C001E2814 /* LoginViewController.xib */,
			);
			name = LogIn;
			sourceTree = "<group>";
		};
		91E1B9E119AB835B00DF1A2C /* AHKActionSheet */ = {
			isa = PBXGroup;
			children = (
				91E1B9E219AB835B00DF1A2C /* AHKActionSheet.h */,
				91E1B9E319AB835B00DF1A2C /* AHKActionSheet.m */,
				91E1B9E419AB835B00DF1A2C /* AHKActionSheetViewController.h */,
				91E1B9E519AB835B00DF1A2C /* AHKActionSheetViewController.m */,
				91E1B9E619AB835B00DF1A2C /* UIImage+AHKAdditions.h */,
				91E1B9E719AB835B00DF1A2C /* UIImage+AHKAdditions.m */,
				91E1B9E819AB835B00DF1A2C /* UIWindow+AHKAdditions.h */,
				91E1B9E919AB835B00DF1A2C /* UIWindow+AHKAdditions.m */,
			);
			path = AHKActionSheet;
			sourceTree = "<group>";
		};
		91E7F2431983845F006C6CF3 /* Home */ = {
			isa = PBXGroup;
			children = (
				91E7F2AB198390AD006C6CF3 /* HomeDrawerViewController.h */,
				91E7F2AC198390AD006C6CF3 /* HomeDrawerViewController.m */,
				91E7F2B319839169006C6CF3 /* CenterDrawerViewController.h */,
				91E7F2B419839169006C6CF3 /* CenterDrawerViewController.m */,
				91E7F2B819839181006C6CF3 /* LeftSideDrawerViewController.h */,
				91E7F2B919839181006C6CF3 /* LeftSideDrawerViewController.m */,
				91D0F0971983AD9100547645 /* RootNavigationController.h */,
				91D0F0981983AD9100547645 /* RootNavigationController.m */,
			);
			name = Home;
			sourceTree = "<group>";
		};
		91E7F29C1983902A006C6CF3 /* Interface */ = {
			isa = PBXGroup;
			children = (
				91E1B9E119AB835B00DF1A2C /* AHKActionSheet */,
				91E7F29D19839049006C6CF3 /* MMDrawerController */,
			);
			name = Interface;
			sourceTree = "<group>";
		};
		91E7F29D19839049006C6CF3 /* MMDrawerController */ = {
			isa = PBXGroup;
			children = (
				91E7F29E19839049006C6CF3 /* MMDrawerBarButtonItem.h */,
				91E7F29F19839049006C6CF3 /* MMDrawerBarButtonItem.m */,
				91E7F2A019839049006C6CF3 /* MMDrawerController+Subclass.h */,
				91E7F2A119839049006C6CF3 /* MMDrawerController.h */,
				91E7F2A219839049006C6CF3 /* MMDrawerController.m */,
				91E7F2A319839049006C6CF3 /* MMDrawerVisualState.h */,
				91E7F2A419839049006C6CF3 /* MMDrawerVisualState.m */,
				91E7F2A519839049006C6CF3 /* UIViewController+MMDrawerController.h */,
				91E7F2A619839049006C6CF3 /* UIViewController+MMDrawerController.m */,
			);
			path = MMDrawerController;
			sourceTree = "<group>";
		};
/* End PBXGroup section */

/* Begin PBXNativeTarget section */
		91CD5D601975844C001E2814 /* VerbalLearning */ = {
			isa = PBXNativeTarget;
			buildConfigurationList = 91CD5D8D1975844C001E2814 /* Build configuration list for PBXNativeTarget "VerbalLearning" */;
			buildPhases = (
				91CD5D5D1975844C001E2814 /* Sources */,
				91CD5D5E1975844C001E2814 /* Frameworks */,
				91CD5D5F1975844C001E2814 /* Resources */,
			);
			buildRules = (
			);
			dependencies = (
			);
			name = VerbalLearning;
			productName = VerbalLearning;
			productReference = 91CD5D611975844C001E2814 /* VerbalLearning.app */;
			productType = "com.apple.product-type.application";
		};
		91CD5D7B1975844C001E2814 /* VerbalLearningTests */ = {
			isa = PBXNativeTarget;
			buildConfigurationList = 91CD5D901975844C001E2814 /* Build configuration list for PBXNativeTarget "VerbalLearningTests" */;
			buildPhases = (
				91CD5D781975844C001E2814 /* Sources */,
				91CD5D791975844C001E2814 /* Frameworks */,
				91CD5D7A1975844C001E2814 /* Resources */,
			);
			buildRules = (
			);
			dependencies = (
				91CD5D821975844C001E2814 /* PBXTargetDependency */,
			);
			name = VerbalLearningTests;
			productName = VerbalLearningTests;
			productReference = 91CD5D7C1975844C001E2814 /* VerbalLearningTests.xctest */;
			productType = "com.apple.product-type.bundle.unit-test";
		};
/* End PBXNativeTarget section */

/* Begin PBXProject section */
		91CD5D591975844C001E2814 /* Project object */ = {
			isa = PBXProject;
			attributes = {
				LastUpgradeCheck = 0510;
				ORGANIZATIONNAME = rayxar;
				TargetAttributes = {
					91CD5D7B1975844C001E2814 = {
						TestTargetID = 91CD5D601975844C001E2814;
					};
				};
			};
			buildConfigurationList = 91CD5D5C1975844C001E2814 /* Build configuration list for PBXProject "VerbalLearning" */;
			compatibilityVersion = "Xcode 3.2";
			developmentRegion = English;
			hasScannedForEncodings = 0;
			knownRegions = (
				en,
			);
			mainGroup = 91CD5D581975844C001E2814;
			productRefGroup = 91CD5D621975844C001E2814 /* Products */;
			projectDirPath = "";
			projectRoot = "";
			targets = (
				91CD5D601975844C001E2814 /* VerbalLearning */,
				91CD5D7B1975844C001E2814 /* VerbalLearningTests */,
			);
		};
/* End PBXProject section */

/* Begin PBXResourcesBuildPhase section */
		91CD5D5F1975844C001E2814 /* Resources */ = {
			isa = PBXResourcesBuildPhase;
			buildActionMask = 2147483647;
			files = (
				91E7F2BC19839181006C6CF3 /* LeftSideDrawerViewController.xib in Resources */,
				91E7F2B719839169006C6CF3 /* CenterDrawerViewController.xib in Resources */,
				91CD5DA61975874C001E2814 /* LoginViewController.xib in Resources */,
				91310685198DC9D8006B7364 /* SpeakListViewController.xib in Resources */,
				91CD5D6F1975844C001E2814 /* InfoPlist.strings in Resources */,
				91CD5D771975844C001E2814 /* Images.xcassets in Resources */,
				91CD5D991975865D001E2814 /* Database in Resources */,
			);
			runOnlyForDeploymentPostprocessing = 0;
		};
		91CD5D7A1975844C001E2814 /* Resources */ = {
			isa = PBXResourcesBuildPhase;
			buildActionMask = 2147483647;
			files = (
				91CD5D881975844C001E2814 /* InfoPlist.strings in Resources */,
			);
			runOnlyForDeploymentPostprocessing = 0;
		};
/* End PBXResourcesBuildPhase section */

/* Begin PBXSourcesBuildPhase section */
		91CD5D5D1975844C001E2814 /* Sources */ = {
			isa = PBXSourcesBuildPhase;
			buildActionMask = 2147483647;
			files = (
				91E7F2A919839049006C6CF3 /* MMDrawerVisualState.m in Sources */,
				91608991197BB87A0036C807 /* XMLParser.m in Sources */,
				917BF9621997B50A00A359EB /* CAStreamBasicDescription.cpp in Sources */,
				91E7F2AD198390AD006C6CF3 /* HomeDrawerViewController.m in Sources */,
				91608978197BAEDA0036C807 /* AFHTTPRequestOperation.m in Sources */,
				917BF93D19979E1400A359EB /* DatabaseOperation.m in Sources */,
				91608985197BAEDA0036C807 /* UIImageView+AFNetworking.m in Sources */,
				917BF9551997AD9500A359EB /* AQPlayer.mm in Sources */,
				917BF9451997A99000A359EB /* NSDataAdditions.m in Sources */,
				91CD5D751975844C001E2814 /* AppDelegate.m in Sources */,
				91608979197BAEDA0036C807 /* AFHTTPRequestOperationManager.m in Sources */,
				91608986197BAEDA0036C807 /* UIProgressView+AFNetworking.m in Sources */,
				917BF9631997B50A00A359EB /* CAXException.cpp in Sources */,
				9160899E197BD0280036C807 /* OrgInfo.m in Sources */,
				9160897B197BAEDA0036C807 /* AFNetworkReachabilityManager.m in Sources */,
				91E7F2B619839169006C6CF3 /* CenterDrawerViewController.m in Sources */,
				9160897F197BAEDA0036C807 /* AFURLResponseSerialization.m in Sources */,
				91E1B9ED19AB835B00DF1A2C /* UIWindow+AHKAdditions.m in Sources */,
				915AC41C19A7999800B6DE8C /* VLSingleton.m in Sources */,
				91E1B9EC19AB835B00DF1A2C /* UIImage+AHKAdditions.m in Sources */,
				9160897D197BAEDA0036C807 /* AFURLConnectionOperation.m in Sources */,
				91E7F2BB19839181006C6CF3 /* LeftSideDrawerViewController.m in Sources */,
				91E7F2A819839049006C6CF3 /* MMDrawerController.m in Sources */,
				9160899B197BCFE30036C807 /* IntensiveInfo.m in Sources */,
				916089A1197BD06C0036C807 /* RecommendInfo.m in Sources */,
				917BF9611997B50A00A359EB /* CADebugMacros.cpp in Sources */,
				917BF93219975D2F00A359EB /* VoicePkgInfoObject.m in Sources */,
				91608984197BAEDA0036C807 /* UIButton+AFNetworking.m in Sources */,
				917BF93619975DA000A359EB /* StoreVoiceDataListParser.m in Sources */,
				91E7F2AA19839049006C6CF3 /* UIViewController+MMDrawerController.m in Sources */,
				91310684198DC9D8006B7364 /* SpeakListViewController.m in Sources */,
				91E7F2A719839049006C6CF3 /* MMDrawerBarButtonItem.m in Sources */,
				91608982197BAEDA0036C807 /* UIActivityIndicatorView+AFNetworking.m in Sources */,
				9160897C197BAEDA0036C807 /* AFSecurityPolicy.m in Sources */,
				917BF9461997A99000A359EB /* TBXML.m in Sources */,
				91608987197BAEDA0036C807 /* UIRefreshControl+AFNetworking.m in Sources */,
				91E1B9EA19AB835B00DF1A2C /* AHKActionSheet.m in Sources */,
				91D0F0991983AD9100547645 /* RootNavigationController.m in Sources */,
				915AC41F19A8B84E00B6DE8C /* DailyWordsInfo.m in Sources */,
				91608994197BBA7F0036C807 /* LoginXMLParser.m in Sources */,
				915AC42219A8BB3300B6DE8C /* DailyWordsParser.m in Sources */,
				91608988197BAEDA0036C807 /* UIWebView+AFNetworking.m in Sources */,
				917BF9561997AD9500A359EB /* AQRecorder.mm in Sources */,
				917BF93A199766BE00A359EB /* DataSource.m in Sources */,
				9160897A197BAEDA0036C807 /* AFHTTPSessionManager.m in Sources */,
				91608983197BAEDA0036C807 /* UIAlertView+AFNetworking.m in Sources */,
				91608998197BCF130036C807 /* ExtensiveInfo.m in Sources */,
				91E1B9EB19AB835B00DF1A2C /* AHKActionSheetViewController.m in Sources */,
				9160897E197BAEDA0036C807 /* AFURLRequestSerialization.m in Sources */,
				91608981197BAEDA0036C807 /* AFNetworkActivityIndicatorManager.m in Sources */,
				917BF9581997AD9500A359EB /* WaveFile.cpp in Sources */,
				9160898D197BB81F0036C807 /* XMLDictionary.m in Sources */,
				91608980197BAEDA0036C807 /* AFURLSessionManager.m in Sources */,
				91CD5D711975844C001E2814 /* main.m in Sources */,
				91CD5DA51975874C001E2814 /* LoginViewController.m in Sources */,
			);
			runOnlyForDeploymentPostprocessing = 0;
		};
		91CD5D781975844C001E2814 /* Sources */ = {
			isa = PBXSourcesBuildPhase;
			buildActionMask = 2147483647;
			files = (
				91CD5D8A1975844C001E2814 /* VerbalLearningTests.m in Sources */,
			);
			runOnlyForDeploymentPostprocessing = 0;
		};
/* End PBXSourcesBuildPhase section */

/* Begin PBXTargetDependency section */
		91CD5D821975844C001E2814 /* PBXTargetDependency */ = {
			isa = PBXTargetDependency;
			target = 91CD5D601975844C001E2814 /* VerbalLearning */;
			targetProxy = 91CD5D811975844C001E2814 /* PBXContainerItemProxy */;
		};
/* End PBXTargetDependency section */

/* Begin PBXVariantGroup section */
		91CD5D6D1975844C001E2814 /* InfoPlist.strings */ = {
			isa = PBXVariantGroup;
			children = (
				91CD5D6E1975844C001E2814 /* en */,
			);
			name = InfoPlist.strings;
			sourceTree = "<group>";
		};
		91CD5D861975844C001E2814 /* InfoPlist.strings */ = {
			isa = PBXVariantGroup;
			children = (
				91CD5D871975844C001E2814 /* en */,
			);
			name = InfoPlist.strings;
			sourceTree = "<group>";
		};
/* End PBXVariantGroup section */

/* Begin XCBuildConfiguration section */
		91CD5D8B1975844C001E2814 /* Debug */ = {
			isa = XCBuildConfiguration;
			buildSettings = {
				ALWAYS_SEARCH_USER_PATHS = NO;
				CLANG_CXX_LANGUAGE_STANDARD = "gnu++0x";
				CLANG_CXX_LIBRARY = "libc++";
				CLANG_ENABLE_MODULES = YES;
				CLANG_ENABLE_OBJC_ARC = YES;
				CLANG_WARN_BOOL_CONVERSION = YES;
				CLANG_WARN_CONSTANT_CONVERSION = YES;
				CLANG_WARN_DIRECT_OBJC_ISA_USAGE = YES_ERROR;
				CLANG_WARN_EMPTY_BODY = YES;
				CLANG_WARN_ENUM_CONVERSION = YES;
				CLANG_WARN_INT_CONVERSION = YES;
				CLANG_WARN_OBJC_ROOT_CLASS = YES_ERROR;
				CLANG_WARN__DUPLICATE_METHOD_MATCH = YES;
				"CODE_SIGN_IDENTITY[sdk=iphoneos*]" = "iPhone Developer";
				COPY_PHASE_STRIP = YES;
				GCC_C_LANGUAGE_STANDARD = gnu99;
				GCC_DYNAMIC_NO_PIC = NO;
				GCC_OPTIMIZATION_LEVEL = 0;
				GCC_PREPROCESSOR_DEFINITIONS = DEBUG_;
				GCC_SYMBOLS_PRIVATE_EXTERN = NO;
				GCC_WARN_64_TO_32_BIT_CONVERSION = YES;
				GCC_WARN_ABOUT_RETURN_TYPE = YES_ERROR;
				GCC_WARN_UNDECLARED_SELECTOR = YES;
				GCC_WARN_UNINITIALIZED_AUTOS = YES_AGGRESSIVE;
				GCC_WARN_UNUSED_FUNCTION = YES;
				GCC_WARN_UNUSED_VARIABLE = YES;
				IPHONEOS_DEPLOYMENT_TARGET = 7.0;
				ONLY_ACTIVE_ARCH = YES;
				OTHER_LDFLAGS = "-lz";
				SDKROOT = iphoneos;
			};
			name = Debug;
		};
		91CD5D8C1975844C001E2814 /* Release */ = {
			isa = XCBuildConfiguration;
			buildSettings = {
				ALWAYS_SEARCH_USER_PATHS = NO;
				CLANG_CXX_LANGUAGE_STANDARD = "gnu++0x";
				CLANG_CXX_LIBRARY = "libc++";
				CLANG_ENABLE_MODULES = YES;
				CLANG_ENABLE_OBJC_ARC = YES;
				CLANG_WARN_BOOL_CONVERSION = YES;
				CLANG_WARN_CONSTANT_CONVERSION = YES;
				CLANG_WARN_DIRECT_OBJC_ISA_USAGE = YES_ERROR;
				CLANG_WARN_EMPTY_BODY = YES;
				CLANG_WARN_ENUM_CONVERSION = YES;
				CLANG_WARN_INT_CONVERSION = YES;
				CLANG_WARN_OBJC_ROOT_CLASS = YES_ERROR;
				CLANG_WARN__DUPLICATE_METHOD_MATCH = YES;
				"CODE_SIGN_IDENTITY[sdk=iphoneos*]" = "iPhone Developer";
				COPY_PHASE_STRIP = YES;
				ENABLE_NS_ASSERTIONS = NO;
				GCC_C_LANGUAGE_STANDARD = gnu99;
				GCC_WARN_64_TO_32_BIT_CONVERSION = YES;
				GCC_WARN_ABOUT_RETURN_TYPE = YES_ERROR;
				GCC_WARN_UNDECLARED_SELECTOR = YES;
				GCC_WARN_UNINITIALIZED_AUTOS = YES_AGGRESSIVE;
				GCC_WARN_UNUSED_FUNCTION = YES;
				GCC_WARN_UNUSED_VARIABLE = YES;
				IPHONEOS_DEPLOYMENT_TARGET = 7.0;
				OTHER_LDFLAGS = "-lz";
				SDKROOT = iphoneos;
				VALIDATE_PRODUCT = YES;
			};
			name = Release;
		};
		91CD5D8E1975844C001E2814 /* Debug */ = {
			isa = XCBuildConfiguration;
			buildSettings = {
				ASSETCATALOG_COMPILER_APPICON_NAME = AppIcon;
				ASSETCATALOG_COMPILER_LAUNCHIMAGE_NAME = LaunchImage;
				GCC_PRECOMPILE_PREFIX_HEADER = YES;
				GCC_PREFIX_HEADER = "VerbalLearning/VerbalLearning-Prefix.pch";
				INFOPLIST_FILE = "VerbalLearning/VerbalLearning-Info.plist";
				IPHONEOS_DEPLOYMENT_TARGET = 7.0;
				LIBRARY_SEARCH_PATHS = (
					"$(inherited)",
					"$(PROJECT_DIR)/VerbalLearning/Classes/WaveDecode",
					"$(PROJECT_DIR)/VerbalLearning/Classes/WaveDecode/VoiceScore",
				);
				PRODUCT_NAME = "$(TARGET_NAME)";
				WRAPPER_EXTENSION = app;
			};
			name = Debug;
		};
		91CD5D8F1975844C001E2814 /* Release */ = {
			isa = XCBuildConfiguration;
			buildSettings = {
				ASSETCATALOG_COMPILER_APPICON_NAME = AppIcon;
				ASSETCATALOG_COMPILER_LAUNCHIMAGE_NAME = LaunchImage;
				GCC_PRECOMPILE_PREFIX_HEADER = YES;
				GCC_PREFIX_HEADER = "VerbalLearning/VerbalLearning-Prefix.pch";
				INFOPLIST_FILE = "VerbalLearning/VerbalLearning-Info.plist";
				IPHONEOS_DEPLOYMENT_TARGET = 7.0;
				LIBRARY_SEARCH_PATHS = (
					"$(inherited)",
					"$(PROJECT_DIR)/VerbalLearning/Classes/WaveDecode",
					"$(PROJECT_DIR)/VerbalLearning/Classes/WaveDecode/VoiceScore",
				);
				PRODUCT_NAME = "$(TARGET_NAME)";
				WRAPPER_EXTENSION = app;
			};
			name = Release;
		};
		91CD5D911975844C001E2814 /* Debug */ = {
			isa = XCBuildConfiguration;
			buildSettings = {
				BUNDLE_LOADER = "$(BUILT_PRODUCTS_DIR)/VerbalLearning.app/VerbalLearning";
				FRAMEWORK_SEARCH_PATHS = (
					"$(SDKROOT)/Developer/Library/Frameworks",
					"$(inherited)",
					"$(DEVELOPER_FRAMEWORKS_DIR)",
				);
				GCC_PRECOMPILE_PREFIX_HEADER = YES;
				GCC_PREFIX_HEADER = "VerbalLearning/VerbalLearning-Prefix.pch";
				GCC_PREPROCESSOR_DEFINITIONS = (
					"DEBUG=1",
					"$(inherited)",
				);
				INFOPLIST_FILE = "VerbalLearningTests/VerbalLearningTests-Info.plist";
				PRODUCT_NAME = "$(TARGET_NAME)";
				TEST_HOST = "$(BUNDLE_LOADER)";
				WRAPPER_EXTENSION = xctest;
			};
			name = Debug;
		};
		91CD5D921975844C001E2814 /* Release */ = {
			isa = XCBuildConfiguration;
			buildSettings = {
				BUNDLE_LOADER = "$(BUILT_PRODUCTS_DIR)/VerbalLearning.app/VerbalLearning";
				FRAMEWORK_SEARCH_PATHS = (
					"$(SDKROOT)/Developer/Library/Frameworks",
					"$(inherited)",
					"$(DEVELOPER_FRAMEWORKS_DIR)",
				);
				GCC_PRECOMPILE_PREFIX_HEADER = YES;
				GCC_PREFIX_HEADER = "VerbalLearning/VerbalLearning-Prefix.pch";
				INFOPLIST_FILE = "VerbalLearningTests/VerbalLearningTests-Info.plist";
				PRODUCT_NAME = "$(TARGET_NAME)";
				TEST_HOST = "$(BUNDLE_LOADER)";
				WRAPPER_EXTENSION = xctest;
			};
			name = Release;
		};
/* End XCBuildConfiguration section */

/* Begin XCConfigurationList section */
		91CD5D5C1975844C001E2814 /* Build configuration list for PBXProject "VerbalLearning" */ = {
			isa = XCConfigurationList;
			buildConfigurations = (
				91CD5D8B1975844C001E2814 /* Debug */,
				91CD5D8C1975844C001E2814 /* Release */,
			);
			defaultConfigurationIsVisible = 0;
			defaultConfigurationName = Release;
		};
		91CD5D8D1975844C001E2814 /* Build configuration list for PBXNativeTarget "VerbalLearning" */ = {
			isa = XCConfigurationList;
			buildConfigurations = (
				91CD5D8E1975844C001E2814 /* Debug */,
				91CD5D8F1975844C001E2814 /* Release */,
			);
			defaultConfigurationIsVisible = 0;
			defaultConfigurationName = Release;
		};
		91CD5D901975844C001E2814 /* Build configuration list for PBXNativeTarget "VerbalLearningTests" */ = {
			isa = XCConfigurationList;
			buildConfigurations = (
				91CD5D911975844C001E2814 /* Debug */,
				91CD5D921975844C001E2814 /* Release */,
			);
			defaultConfigurationIsVisible = 0;
			defaultConfigurationName = Release;
		};
/* End XCConfigurationList section */
	};
	rootObject = 91CD5D591975844C001E2814 /* Project object */;
}
